
Microsoft Visual Studio Solution File, Format Version 12.00
# Visual Studio Version 17
VisualStudioVersion = 17.14.36811.4 d17.14
MinimumVisualStudioVersion = 10.0.40219.1
Project("{FAE04EC0-301F-11D3-BF4B-00C04F79EFBC}") = "DemExam", "DemExam.csproj", "{390C887D-D217-4879-A0D8-AB3607D688BA}"
EndProject
Global
	GlobalSection(SolutionConfigurationPlatforms) = preSolution
		Debug|Any CPU = Debug|Any CPU
		Release|Any CPU = Release|Any CPU
	EndGlobalSection
	GlobalSection(ProjectConfigurationPlatforms) = postSolution
		{390C887D-D217-4879-A0D8-AB3607D688BA}.Debug|Any CPU.ActiveCfg = Debug|Any CPU
		{390C887D-D217-4879-A0D8-AB3607D688BA}.Debug|Any CPU.Build.0 = Debug|Any CPU
		{390C887D-D217-4879-A0D8-AB3607D688BA}.Release|Any CPU.ActiveCfg = Release|Any CPU
		{390C887D-D217-4879-A0D8-AB3607D688BA}.Release|Any CPU.Build.0 = Release|Any CPU
	EndGlobalSection
	GlobalSection(SolutionProperties) = preSolution
		HideSolutionNode = FALSE
	EndGlobalSection
	GlobalSection(ExtensibilityGlobals) = postSolution
		SolutionGuid = {F78BFD0C-3759-4AC0-8B8A-A421ABB4E4E4}
	EndGlobalSection
EndGlobal
